
Microsoft Visual Studio Solution File, Format Version 12.00
# Visual Studio 14
VisualStudioVersion = 14.0.23107.0
MinimumVisualStudioVersion = 10.0.40219.1
Project("{FAE04EC0-301F-11D3-BF4B-00C04F79EFBC}") = "Win.Donantes", "Win.Donantes\Win.Donantes.csproj", "{149687CE-B9EB-4FB0-9761-509B4E9034FC}"
EndProject
Project("{FAE04EC0-301F-11D3-BF4B-00C04F79EFBC}") = "BL.Donantes", "BL.Donantes\BL.Donantes.csproj", "{967F2E59-30F0-4046-92D2-D42CBCF48A31}"
EndProject
Global
	GlobalSection(SolutionConfigurationPlatforms) = preSolution
		Debug|Any CPU = Debug|Any CPU
		Release|Any CPU = Release|Any CPU
	EndGlobalSection
	GlobalSection(ProjectConfigurationPlatforms) = postSolution
		{149687CE-B9EB-4FB0-9761-509B4E9034FC}.Debug|Any CPU.ActiveCfg = Debug|Any CPU
		{149687CE-B9EB-4FB0-9761-509B4E9034FC}.Debug|Any CPU.Build.0 = Debug|Any CPU
		{149687CE-B9EB-4FB0-9761-509B4E9034FC}.Release|Any CPU.ActiveCfg = Release|Any CPU
		{149687CE-B9EB-4FB0-9761-509B4E9034FC}.Release|Any CPU.Build.0 = Release|Any CPU
		{967F2E59-30F0-4046-92D2-D42CBCF48A31}.Debug|Any CPU.ActiveCfg = Debug|Any CPU
		{967F2E59-30F0-4046-92D2-D42CBCF48A31}.Debug|Any CPU.Build.0 = Debug|Any CPU
		{967F2E59-30F0-4046-92D2-D42CBCF48A31}.Release|Any CPU.ActiveCfg = Release|Any CPU
		{967F2E59-30F0-4046-92D2-D42CBCF48A31}.Release|Any CPU.Build.0 = Release|Any CPU
	EndGlobalSection
	GlobalSection(SolutionProperties) = preSolution
		HideSolutionNode = FALSE
	EndGlobalSection
EndGlobal
